
Microsoft Visual Studio Solution File, Format Version 12.00
# Visual Studio 14
VisualStudioVersion = 14.0.25420.1
MinimumVisualStudioVersion = 10.0.40219.1
Project("{FAE04EC0-301F-11D3-BF4B-00C04F79EFBC}") = "Paperless", "Paperless\Paperless.csproj", "{D813AC29-E192-45CF-BF17-16F60EBE7191}"
EndProject
Project("{00D1A9C2-B5F0-4AF3-8072-F6C62B433612}") = "Database", "Database\Database.sqlproj", "{F319CCAF-AE49-4C1F-8EA2-0AD63C383466}"
EndProject
Global
	GlobalSection(SolutionConfigurationPlatforms) = preSolution
		Debug|Any CPU = Debug|Any CPU
		Release|Any CPU = Release|Any CPU
	EndGlobalSection
	GlobalSection(ProjectConfigurationPlatforms) = postSolution
		{D813AC29-E192-45CF-BF17-16F60EBE7191}.Debug|Any CPU.ActiveCfg = Debug|Any CPU
		{D813AC29-E192-45CF-BF17-16F60EBE7191}.Debug|Any CPU.Build.0 = Debug|Any CPU
		{D813AC29-E192-45CF-BF17-16F60EBE7191}.Release|Any CPU.ActiveCfg = Release|Any CPU
		{D813AC29-E192-45CF-BF17-16F60EBE7191}.Release|Any CPU.Build.0 = Release|Any CPU
		{F319CCAF-AE49-4C1F-8EA2-0AD63C383466}.Debug|Any CPU.ActiveCfg = Debug|Any CPU
		{F319CCAF-AE49-4C1F-8EA2-0AD63C383466}.Debug|Any CPU.Build.0 = Debug|Any CPU
		{F319CCAF-AE49-4C1F-8EA2-0AD63C383466}.Debug|Any CPU.Deploy.0 = Debug|Any CPU
		{F319CCAF-AE49-4C1F-8EA2-0AD63C383466}.Release|Any CPU.ActiveCfg = Release|Any CPU
		{F319CCAF-AE49-4C1F-8EA2-0AD63C383466}.Release|Any CPU.Build.0 = Release|Any CPU
		{F319CCAF-AE49-4C1F-8EA2-0AD63C383466}.Release|Any CPU.Deploy.0 = Release|Any CPU
	EndGlobalSection
	GlobalSection(SolutionProperties) = preSolution
		HideSolutionNode = FALSE
	EndGlobalSection
EndGlobal
